
Microsoft Visual Studio Solution File, Format Version 12.00
# Visual Studio for Mac
Project("{FAE04EC0-301F-11D3-BF4B-00C04F79EFBC}") = "AVI_project", "Assembly-CSharp.csproj", "{62BFD6F0-B827-CEB8-ED63-1B006B0D6B28}"
EndProject
Project("{FAE04EC0-301F-11D3-BF4B-00C04F79EFBC}") = "AVI_project", "Assembly-CSharp-Editor.csproj", "{B1FD6280-B6B7-47E4-905F-2062E2473F2D}"
EndProject
Global
	GlobalSection(SolutionConfigurationPlatforms) = preSolution
		Debug|Any CPU = Debug|Any CPU
		Release|Any CPU = Release|Any CPU
	EndGlobalSection
	GlobalSection(ProjectConfigurationPlatforms) = postSolution
		{62BFD6F0-B827-CEB8-ED63-1B006B0D6B28}.Debug|Any CPU.ActiveCfg = Debug|Any CPU
		{62BFD6F0-B827-CEB8-ED63-1B006B0D6B28}.Debug|Any CPU.Build.0 = Debug|Any CPU
		{62BFD6F0-B827-CEB8-ED63-1B006B0D6B28}.Release|Any CPU.ActiveCfg = Release|Any CPU
		{62BFD6F0-B827-CEB8-ED63-1B006B0D6B28}.Release|Any CPU.Build.0 = Release|Any CPU
		{B1FD6280-B6B7-47E4-905F-2062E2473F2D}.Debug|Any CPU.ActiveCfg = Debug|Any CPU
		{B1FD6280-B6B7-47E4-905F-2062E2473F2D}.Debug|Any CPU.Build.0 = Debug|Any CPU
		{B1FD6280-B6B7-47E4-905F-2062E2473F2D}.Release|Any CPU.ActiveCfg = Release|Any CPU
		{B1FD6280-B6B7-47E4-905F-2062E2473F2D}.Release|Any CPU.Build.0 = Release|Any CPU
	EndGlobalSection
	GlobalSection(SolutionProperties) = preSolution
		HideSolutionNode = FALSE
	EndGlobalSection
EndGlobal
